
Microsoft Visual Studio Solution File, Format Version 12.00
# Visual Studio Version 16
VisualStudioVersion = 16.0.29215.179
MinimumVisualStudioVersion = 10.0.40219.1
Project("{FAE04EC0-301F-11D3-BF4B-00C04F79EFBC}") = "AvailabilityHelpers", "AvailabilityHelpers.csproj", "{7A6B4902-66C7-4441-A89C-46EFD4230C99}"
EndProject
Global
	GlobalSection(SolutionConfigurationPlatforms) = preSolution
		Debug|Any CPU = Debug|Any CPU
		Release|Any CPU = Release|Any CPU
	EndGlobalSection
	GlobalSection(ProjectConfigurationPlatforms) = postSolution
		{7A6B4902-66C7-4441-A89C-46EFD4230C99}.Debug|Any CPU.ActiveCfg = Debug|Any CPU
		{7A6B4902-66C7-4441-A89C-46EFD4230C99}.Debug|Any CPU.Build.0 = Debug|Any CPU
		{7A6B4902-66C7-4441-A89C-46EFD4230C99}.Release|Any CPU.ActiveCfg = Release|Any CPU
		{7A6B4902-66C7-4441-A89C-46EFD4230C99}.Release|Any CPU.Build.0 = Release|Any CPU
	EndGlobalSection
	GlobalSection(SolutionProperties) = preSolution
		HideSolutionNode = FALSE
	EndGlobalSection
	GlobalSection(ExtensibilityGlobals) = postSolution
		SolutionGuid = {2E795F63-61A0-4A84-A819-66EBB951CBEC}
	EndGlobalSection
EndGlobal
